
Microsoft Visual Studio Solution File, Format Version 12.00
Project("{FAE04EC0-301F-11D3-BF4B-00C04F79EFBC}") = "Program", "Program\Program.csproj", "{1020CCE2-827B-4D7F-87D9-E346B33DE41A}"
EndProject
Project("{FAE04EC0-301F-11D3-BF4B-00C04F79EFBC}") = "TestGenerator", "TestGenerator\TestGenerator.csproj", "{729437B4-FD1C-4A50-B099-DAF6D398BAD5}"
EndProject
Global
	GlobalSection(SolutionConfigurationPlatforms) = preSolution
		Debug|Any CPU = Debug|Any CPU
		Release|Any CPU = Release|Any CPU
	EndGlobalSection
	GlobalSection(ProjectConfigurationPlatforms) = postSolution
		{1020CCE2-827B-4D7F-87D9-E346B33DE41A}.Debug|Any CPU.ActiveCfg = Debug|Any CPU
		{1020CCE2-827B-4D7F-87D9-E346B33DE41A}.Debug|Any CPU.Build.0 = Debug|Any CPU
		{1020CCE2-827B-4D7F-87D9-E346B33DE41A}.Release|Any CPU.ActiveCfg = Release|Any CPU
		{1020CCE2-827B-4D7F-87D9-E346B33DE41A}.Release|Any CPU.Build.0 = Release|Any CPU
		{729437B4-FD1C-4A50-B099-DAF6D398BAD5}.Debug|Any CPU.ActiveCfg = Debug|Any CPU
		{729437B4-FD1C-4A50-B099-DAF6D398BAD5}.Debug|Any CPU.Build.0 = Debug|Any CPU
		{729437B4-FD1C-4A50-B099-DAF6D398BAD5}.Release|Any CPU.ActiveCfg = Release|Any CPU
		{729437B4-FD1C-4A50-B099-DAF6D398BAD5}.Release|Any CPU.Build.0 = Release|Any CPU
	EndGlobalSection
EndGlobal
